
Microsoft Visual Studio Solution File, Format Version 12.00
# Visual Studio 14
VisualStudioVersion = 14.0.24720.0
MinimumVisualStudioVersion = 10.0.40219.1
Project("{FAE04EC0-301F-11D3-BF4B-00C04F79EFBC}") = "Quickbe.Migrator", "QuickBe.Migrator\Quickbe.Migrator.csproj", "{5B67E202-8140-48DC-ACB6-895A9208C8DD}"
EndProject
Project("{FAE04EC0-301F-11D3-BF4B-00C04F79EFBC}") = "Quickbe.Migrator.Mongo", "QuickBe.Migrator.Mongo\Quickbe.Migrator.Mongo.csproj", "{985245B9-6382-4A80-B4F7-B4B08569C29A}"
EndProject
Global
	GlobalSection(SolutionConfigurationPlatforms) = preSolution
		Debug|Any CPU = Debug|Any CPU
		Release|Any CPU = Release|Any CPU
	EndGlobalSection
	GlobalSection(ProjectConfigurationPlatforms) = postSolution
		{5B67E202-8140-48DC-ACB6-895A9208C8DD}.Debug|Any CPU.ActiveCfg = Debug|Any CPU
		{5B67E202-8140-48DC-ACB6-895A9208C8DD}.Debug|Any CPU.Build.0 = Debug|Any CPU
		{5B67E202-8140-48DC-ACB6-895A9208C8DD}.Release|Any CPU.ActiveCfg = Release|Any CPU
		{5B67E202-8140-48DC-ACB6-895A9208C8DD}.Release|Any CPU.Build.0 = Release|Any CPU
		{985245B9-6382-4A80-B4F7-B4B08569C29A}.Debug|Any CPU.ActiveCfg = Debug|Any CPU
		{985245B9-6382-4A80-B4F7-B4B08569C29A}.Debug|Any CPU.Build.0 = Debug|Any CPU
		{985245B9-6382-4A80-B4F7-B4B08569C29A}.Release|Any CPU.ActiveCfg = Release|Any CPU
		{985245B9-6382-4A80-B4F7-B4B08569C29A}.Release|Any CPU.Build.0 = Release|Any CPU
	EndGlobalSection
	GlobalSection(SolutionProperties) = preSolution
		HideSolutionNode = FALSE
	EndGlobalSection
EndGlobal
